<?xml version="1.0" encoding="utf-8"?>
<Project ToolsVersion="4.0" xmlns="http://schemas.microsoft.com/developer/msbuild/2003">
  <ItemGroup>
    <Filter Include="Source Files">
      <UniqueIdentifier>{4FC737F1-C7A5-4376-A066-2A32D752A2FF}</UniqueIdentifier>
      <Extensions>cpp;c;cc;cxx;c++;cppm;ixx;def;odl;idl;hpj;bat;asm;asmx</Extensions>
    </Filter>
    <Filter Include="Header Files">
      <UniqueIdentifier>{93995380-89BD-4b04-88EB-625FBE52EBFB}</UniqueIdentifier>
      <Extensions>h;hh;hpp;hxx;h++;hm;inl;inc;ipp;xsd</Extensions>
    </Filter>
    <Filter Include="Resource Files">
      <UniqueIdentifier>{67DA6AB6-F800-4c08-8B7A-83BB121AAD01}</UniqueIdentifier>
      <Extensions>rc;ico;cur;bmp;dlg;rc2;rct;bin;rgs;gif;jpg;jpeg;jpe;resx;tiff;tif;png;wav;mfcribbon-ms</Extensions>
    </Filter>
  </ItemGroup>
  <ItemGroup>
    <ClCompile Include="src\main.cpp">
      <Filter>Source Files</Filter>
    </ClCompile>
    <ClCompile Include="src\helper\Windows\Window.cpp">
      <Filter>Source Files</Filter>
    </ClCompile>
    <ClCompile Include="src\helper\Windows\Direct2D.cpp">
      <Filter>Source Files</Filter>
    </ClCompile>
    <ClCompile Include="src\MainWindow.cpp">
      <Filter>Source Files</Filter>
    </ClCompile>
    <ClCompile Include="src\helper\General\FileHandler.cpp">
      <Filter>Source Files</Filter>
    </ClCompile>
    <ClCompile Include="src\helper\PDF\MuPDF.cpp">
      <Filter>Source Files</Filter>
    </ClCompile>
    <ClCompile Include="src\helper\PDF\PDFRenderHandler.cpp">
      <Filter>Source Files</Filter>
    </ClCompile>
    <ClCompile Include="src\helper\PDF\Wrapper.cpp">
      <Filter>Source Files</Filter>
    </ClCompile>
    <ClCompile Include="src\helper\PDF\GestureHandler.cpp">
      <Filter>Source Files</Filter>
    </ClCompile>
    <ClCompile Include="src\helper\General\Timer.cpp">
      <Filter>Source Files</Filter>
    </ClCompile>
    <ClCompile Include="src\helper\PDF\StrokeHandler.cpp">
      <Filter>Source Files</Filter>
    </ClCompile>
    <ClCompile Include="src\helper\Windows\Renderer.cpp">
      <Filter>Source Files</Filter>
    </ClCompile>
  </ItemGroup>
  <ItemGroup>
    <ClInclude Include="src\MainWindow.h">
      <Filter>Header Files</Filter>
    </ClInclude>
    <ClInclude Include="src\dependencies\ReadWriteRecursiveMutex.h">
      <Filter>Header Files</Filter>
    </ClInclude>
    <ClInclude Include="src\dependencies\magic_enum\magic_enum.hpp">
      <Filter>Header Files</Filter>
    </ClInclude>
    <ClInclude Include="src\dependencies\magic_enum\magic_enum_all.hpp">
      <Filter>Header Files</Filter>
    </ClInclude>
    <ClInclude Include="src\dependencies\magic_enum\magic_enum_containers.hpp">
      <Filter>Header Files</Filter>
    </ClInclude>
    <ClInclude Include="src\dependencies\magic_enum\magic_enum_flags.hpp">
      <Filter>Header Files</Filter>
    </ClInclude>
    <ClInclude Include="src\dependencies\magic_enum\magic_enum_format.hpp">
      <Filter>Header Files</Filter>
    </ClInclude>
    <ClInclude Include="src\dependencies\magic_enum\magic_enum_fuse.hpp">
      <Filter>Header Files</Filter>
    </ClInclude>
    <ClInclude Include="src\dependencies\magic_enum\magic_enum_iostream.hpp">
      <Filter>Header Files</Filter>
    </ClInclude>
    <ClInclude Include="src\dependencies\magic_enum\magic_enum_switch.hpp">
      <Filter>Header Files</Filter>
    </ClInclude>
    <ClInclude Include="src\dependencies\magic_enum\magic_enum_utility.hpp">
      <Filter>Header Files</Filter>
    </ClInclude>
    <ClInclude Include="src\dependencies\ThreadSafeClass.h">
      <Filter>Header Files</Filter>
    </ClInclude>
    <ClInclude Include="src\helper\General\Logger.h">
      <Filter>Header Files</Filter>
    </ClInclude>
    <ClInclude Include="src\helper\General\Timer.h">
      <Filter>Header Files</Filter>
    </ClInclude>
    <ClInclude Include="src\helper\General\FileHandler.h">
      <Filter>Header Files</Filter>
    </ClInclude>
    <ClInclude Include="src\helper\General\Math.h">
      <Filter>Header Files</Filter>
    </ClInclude>
    <ClInclude Include="src\helper\General\General.h">
      <Filter>Header Files</Filter>
    </ClInclude>
    <ClInclude Include="src\dependencies\MagicEnum.h">
      <Filter>Header Files</Filter>
    </ClInclude>
    <ClInclude Include="src\helper\Windows\Direct2D.h">
      <Filter>Header Files</Filter>
    </ClInclude>
    <ClInclude Include="src\helper\Windows\WindowHandler.h">
      <Filter>Header Files</Filter>
    </ClInclude>
    <ClInclude Include="src\helper\PDF\MuPDF.h">
      <Filter>Header Files</Filter>
    </ClInclude>
    <ClInclude Include="src\helper\PDF\PDFRenderHandler.h">
      <Filter>Header Files</Filter>
    </ClInclude>
    <ClInclude Include="src\helper\PDF\StrokeHandler.h">
      <Filter>Header Files</Filter>
    </ClInclude>
    <ClInclude Include="src\helper\PDF\GestureHandler.h">
      <Filter>Header Files</Filter>
    </ClInclude>
    <ClInclude Include="src\helper\PDF\PDF.h">
      <Filter>Header Files</Filter>
    </ClInclude>
    <ClInclude Include="src\helper\include.h">
      <Filter>Header Files</Filter>
    </ClInclude>
  </ItemGroup>
  <ItemGroup>
    <None Include="rsc\ENR6.3-9.slow.rendering.pdf" />
    <None Include="rsc\Physikpraktikum_1-4.pdf" />
    <None Include="rsc\second_measurement_red_sensor_HEAVY.pdf" />
    <None Include="rsc\Ghent_PDF_Output_Suite_V50_Testpages\PR_Ghent-PDF-Output-Suite-5-Conformance-Certification.pdf" />
    <None Include="rsc\Ghent_PDF_Output_Suite_V50_Testpages\Ghent_PDF-Output-Test-V50_ALL_REFERENCE.pdf" />
    <None Include="rsc\Ghent_PDF_Output_Suite_V50_Testpages\Ghent_PDF-Output-Test-V50_ALL_X4.pdf" />
    <None Include="rsc\Ghent_PDF_Output_Suite_V50_Testpages\GhentPDFOutputSuite50_ReadMes.pdf" />
    <None Include="TODO.md" />
    <None Include="rsc\Annotation pdf.pdf" />
    <None Include="..\README.md" />
  </ItemGroup>
</Project>